// !$*UTF8*$!
{
	archiveVersion = 1;
	classes = {
	};
	objectVersion = 46;
	objects = {

/* Begin PBXBuildFile section */
		DA7C5D1F1C48CCFC00A8F50B /* main.m in Sources */ = {isa = PBXBuildFile; fileRef = DA7C5D1E1C48CCFC00A8F50B /* main.m */; };
		DA7C5D221C48CCFC00A8F50B /* AppDelegate.m in Sources */ = {isa = PBXBuildFile; fileRef = DA7C5D211C48CCFC00A8F50B /* AppDelegate.m */; };
		DA7C5D251C48CCFC00A8F50B /* ViewController.m in Sources */ = {isa = PBXBuildFile; fileRef = DA7C5D241C48CCFC00A8F50B /* ViewController.m */; };
		DA7C5D281C48CCFC00A8F50B /* Main.storyboard in Resources */ = {isa = PBXBuildFile; fileRef = DA7C5D261C48CCFC00A8F50B /* Main.storyboard */; };
		DA7C5D2A1C48CCFC00A8F50B /* Assets.xcassets in Resources */ = {isa = PBXBuildFile; fileRef = DA7C5D291C48CCFC00A8F50B /* Assets.xcassets */; };
		DA7C5D2D1C48CCFC00A8F50B /* LaunchScreen.storyboard in Resources */ = {isa = PBXBuildFile; fileRef = DA7C5D2B1C48CCFC00A8F50B /* LaunchScreen.storyboard */; };
		DA7C5D381C48CCFC00A8F50B /* APPSecurityUITests.m in Sources */ = {isa = PBXBuildFile; fileRef = DA7C5D371C48CCFC00A8F50B /* APPSecurityUITests.m */; };
/* End PBXBuildFile section */

/* Begin PBXContainerItemProxy section */
		DA7C5D341C48CCFC00A8F50B /* PBXContainerItemProxy */ = {
			isa = PBXContainerItemProxy;
			containerPortal = DA7C5D121C48CCFB00A8F50B /* Project object */;
			proxyType = 1;
			remoteGlobalIDString = DA7C5D191C48CCFC00A8F50B;
			remoteInfo = APPSecurity;
		};
/* End PBXContainerItemProxy section */

/* Begin PBXFileReference section */
		DA7C5D1A1C48CCFC00A8F50B /* APPSecurity.app */ = {isa = PBXFileReference; explicitFileType = wrapper.application; includeInIndex = 0; path = APPSecurity.app; sourceTree = BUILT_PRODUCTS_DIR; };
		DA7C5D1E1C48CCFC00A8F50B /* main.m */ = {isa = PBXFileReference; lastKnownFileType = sourcecode.c.objc; path = main.m; sourceTree = "<group>"; };
		DA7C5D201C48CCFC00A8F50B /* AppDelegate.h */ = {isa = PBXFileReference; lastKnownFileType = sourcecode.c.h; path = AppDelegate.h; sourceTree = "<group>"; };
		DA7C5D211C48CCFC00A8F50B /* AppDelegate.m */ = {isa = PBXFileReference; lastKnownFileType = sourcecode.c.objc; path = AppDelegate.m; sourceTree = "<group>"; };
		DA7C5D231C48CCFC00A8F50B /* ViewController.h */ = {isa = PBXFileReference; lastKnownFileType = sourcecode.c.h; path = ViewController.h; sourceTree = "<group>"; };
		DA7C5D241C48CCFC00A8F50B /* ViewController.m */ = {isa = PBXFileReference; lastKnownFileType = sourcecode.c.objc; path = ViewController.m; sourceTree = "<group>"; };
		DA7C5D271C48CCFC00A8F50B /* Base */ = {isa = PBXFileReference; lastKnownFileType = file.storyboard; name = Base; path = Base.lproj/Main.storyboard; sourceTree = "<group>"; };
		DA7C5D291C48CCFC00A8F50B /* Assets.xcassets */ = {isa = PBXFileReference; lastKnownFileType = folder.assetcatalog; path = Assets.xcassets; sourceTree = "<group>"; };
		DA7C5D2C1C48CCFC00A8F50B /* Base */ = {isa = PBXFileReference; lastKnownFileType = file.storyboard; name = Base; path = Base.lproj/LaunchScreen.storyboard; sourceTree = "<group>"; };
		DA7C5D2E1C48CCFC00A8F50B /* Info.plist */ = {isa = PBXFileReference; lastKnownFileType = text.plist.xml; path = Info.plist; sourceTree = "<group>"; };
		DA7C5D331C48CCFC00A8F50B /* APPSecurityUITests.xctest */ = {isa = PBXFileReference; explicitFileType = wrapper.cfbundle; includeInIndex = 0; path = APPSecurityUITests.xctest; sourceTree = BUILT_PRODUCTS_DIR; };
		DA7C5D371C48CCFC00A8F50B /* APPSecurityUITests.m */ = {isa = PBXFileReference; lastKnownFileType = sourcecode.c.objc; path = APPSecurityUITests.m; sourceTree = "<group>"; };
		DA7C5D391C48CCFC00A8F50B /* Info.plist */ = {isa = PBXFileReference; lastKnownFileType = text.plist.xml; path = Info.plist; sourceTree = "<group>"; };
/* End PBXFileReference section */

/* Begin PBXFrameworksBuildPhase section */
		DA7C5D171C48CCFC00A8F50B /* Frameworks */ = {
			isa = PBXFrameworksBuildPhase;
			buildActionMask = 2147483647;
			files = (
			);
			runOnlyForDeploymentPostprocessing = 0;
		};
		DA7C5D301C48CCFC00A8F50B /* Frameworks */ = {
			isa = PBXFrameworksBuildPhase;
			buildActionMask = 2147483647;
			files = (
			);
			runOnlyForDeploymentPostprocessing = 0;
		};
/* End PBXFrameworksBuildPhase section */

/* Begin PBXGroup section */
		DA7C5D111C48CCFB00A8F50B = {
			isa = PBXGroup;
			children = (
				DA7C5D1C1C48CCFC00A8F50B /* APPSecurity */,
				DA7C5D361C48CCFC00A8F50B /* APPSecurityUITests */,
				DA7C5D1B1C48CCFC00A8F50B /* Products */,
			);
			sourceTree = "<group>";
		};
		DA7C5D1B1C48CCFC00A8F50B /* Products */ = {
			isa = PBXGroup;
			children = (
				DA7C5D1A1C48CCFC00A8F50B /* APPSecurity.app */,
				DA7C5D331C48CCFC00A8F50B /* APPSecurityUITests.xctest */,
			);
			name = Products;
			sourceTree = "<group>";
		};
		DA7C5D1C1C48CCFC00A8F50B /* APPSecurity */ = {
			isa = PBXGroup;
			children = (
				DA7C5D201C48CCFC00A8F50B /* AppDelegate.h */,
				DA7C5D211C48CCFC00A8F50B /* AppDelegate.m */,
				DA7C5D231C48CCFC00A8F50B /* ViewController.h */,
				DA7C5D241C48CCFC00A8F50B /* ViewController.m */,
				DA7C5D261C48CCFC00A8F50B /* Main.storyboard */,
				DA7C5D291C48CCFC00A8F50B /* Assets.xcassets */,
				DA7C5D2B1C48CCFC00A8F50B /* LaunchScreen.storyboard */,
				DA7C5D2E1C48CCFC00A8F50B /* Info.plist */,
				DA7C5D1D1C48CCFC00A8F50B /* Supporting Files */,
			);
			path = APPSecurity;
			sourceTree = "<group>";
		};
		DA7C5D1D1C48CCFC00A8F50B /* Supporting Files */ = {
			isa = PBXGroup;
			children = (
				DA7C5D1E1C48CCFC00A8F50B /* main.m */,
			);
			name = "Supporting Files";
			sourceTree = "<group>";
		};
		DA7C5D361C48CCFC00A8F50B /* APPSecurityUITests */ = {
			isa = PBXGroup;
			children = (
				DA7C5D371C48CCFC00A8F50B /* APPSecurityUITests.m */,
				DA7C5D391C48CCFC00A8F50B /* Info.plist */,
			);
			path = APPSecurityUITests;
			sourceTree = "<group>";
		};
/* End PBXGroup section */

/* Begin PBXNativeTarget section */
		DA7C5D191C48CCFC00A8F50B /* APPSecurity */ = {
			isa = PBXNativeTarget;
			buildConfigurationList = DA7C5D3C1C48CCFC00A8F50B /* Build configuration list for PBXNativeTarget "APPSecurity" */;
			buildPhases = (
				DA7C5D161C48CCFC00A8F50B /* Sources */,
				DA7C5D171C48CCFC00A8F50B /* Frameworks */,
				DA7C5D181C48CCFC00A8F50B /* Resources */,
			);
			buildRules = (
			);
			dependencies = (
			);
			name = APPSecurity;
			productName = APPSecurity;
			productReference = DA7C5D1A1C48CCFC00A8F50B /* APPSecurity.app */;
			productType = "com.apple.product-type.application";
		};
		DA7C5D321C48CCFC00A8F50B /* APPSecurityUITests */ = {
			isa = PBXNativeTarget;
			buildConfigurationList = DA7C5D3F1C48CCFC00A8F50B /* Build configuration list for PBXNativeTarget "APPSecurityUITests" */;
			buildPhases = (
				DA7C5D2F1C48CCFC00A8F50B /* Sources */,
				DA7C5D301C48CCFC00A8F50B /* Frameworks */,
				DA7C5D311C48CCFC00A8F50B /* Resources */,
			);
			buildRules = (
			);
			dependencies = (
				DA7C5D351C48CCFC00A8F50B /* PBXTargetDependency */,
			);
			name = APPSecurityUITests;
			productName = APPSecurityUITests;
			productReference = DA7C5D331C48CCFC00A8F50B /* APPSecurityUITests.xctest */;
			productType = "com.apple.product-type.bundle.ui-testing";
		};
/* End PBXNativeTarget section */

/* Begin PBXProject section */
		DA7C5D121C48CCFB00A8F50B /* Project object */ = {
			isa = PBXProject;
			attributes = {
				LastUpgradeCheck = 0720;
				ORGANIZATIONNAME = "李彬";
				TargetAttributes = {
					DA7C5D191C48CCFC00A8F50B = {
						CreatedOnToolsVersion = 7.2;
						DevelopmentTeam = TJS5PLKC62;
					};
					DA7C5D321C48CCFC00A8F50B = {
						CreatedOnToolsVersion = 7.2;
						TestTargetID = DA7C5D191C48CCFC00A8F50B;
					};
				};
			};
			buildConfigurationList = DA7C5D151C48CCFB00A8F50B /* Build configuration list for PBXProject "APPSecurity" */;
			compatibilityVersion = "Xcode 3.2";
			developmentRegion = English;
			hasScannedForEncodings = 0;
			knownRegions = (
				en,
				Base,
			);
			mainGroup = DA7C5D111C48CCFB00A8F50B;
			productRefGroup = DA7C5D1B1C48CCFC00A8F50B /* Products */;
			projectDirPath = "";
			projectRoot = "";
			targets = (
				DA7C5D191C48CCFC00A8F50B /* APPSecurity */,
				DA7C5D321C48CCFC00A8F50B /* APPSecurityUITests */,
			);
		};
/* End PBXProject section */

/* Begin PBXResourcesBuildPhase section */
		DA7C5D181C48CCFC00A8F50B /* Resources */ = {
			isa = PBXResourcesBuildPhase;
			buildActionMask = 2147483647;
			files = (
				DA7C5D2D1C48CCFC00A8F50B /* LaunchScreen.storyboard in Resources */,
				DA7C5D2A1C48CCFC00A8F50B /* Assets.xcassets in Resources */,
				DA7C5D281C48CCFC00A8F50B /* Main.storyboard in Resources */,
			);
			runOnlyForDeploymentPostprocessing = 0;
		};
		DA7C5D311C48CCFC00A8F50B /* Resources */ = {
			isa = PBXResourcesBuildPhase;
			buildActionMask = 2147483647;
			files = (
			);
			runOnlyForDeploymentPostprocessing = 0;
		};
/* End PBXResourcesBuildPhase section */

/* Begin PBXSourcesBuildPhase section */
		DA7C5D161C48CCFC00A8F50B /* Sources */ = {
			isa = PBXSourcesBuildPhase;
			buildActionMask = 2147483647;
			files = (
				DA7C5D251C48CCFC00A8F50B /* ViewController.m in Sources */,
				DA7C5D221C48CCFC00A8F50B /* AppDelegate.m in Sources */,
				DA7C5D1F1C48CCFC00A8F50B /* main.m in Sources */,
			);
			runOnlyForDeploymentPostprocessing = 0;
		};
		DA7C5D2F1C48CCFC00A8F50B /* Sources */ = {
			isa = PBXSourcesBuildPhase;
			buildActionMask = 2147483647;
			files = (
				DA7C5D381C48CCFC00A8F50B /* APPSecurityUITests.m in Sources */,
			);
			runOnlyForDeploymentPostprocessing = 0;
		};
/* End PBXSourcesBuildPhase section */

/* Begin PBXTargetDependency section */
		DA7C5D351C48CCFC00A8F50B /* PBXTargetDependency */ = {
			isa = PBXTargetDependency;
			target = DA7C5D191C48CCFC00A8F50B /* APPSecurity */;
			targetProxy = DA7C5D341C48CCFC00A8F50B /* PBXContainerItemProxy */;
		};
/* End PBXTargetDependency section */

/* Begin PBXVariantGroup section */
		DA7C5D261C48CCFC00A8F50B /* Main.storyboard */ = {
			isa = PBXVariantGroup;
			children = (
				DA7C5D271C48CCFC00A8F50B /* Base */,
			);
			name = Main.storyboard;
			sourceTree = "<group>";
		};
		DA7C5D2B1C48CCFC00A8F50B /* LaunchScreen.storyboard */ = {
			isa = PBXVariantGroup;
			children = (
				DA7C5D2C1C48CCFC00A8F50B /* Base */,
			);
			name = LaunchScreen.storyboard;
			sourceTree = "<group>";
		};
/* End PBXVariantGroup section */

/* Begin XCBuildConfiguration section */
		DA7C5D3A1C48CCFC00A8F50B /* Debug */ = {
			isa = XCBuildConfiguration;
			buildSettings = {
				ALWAYS_SEARCH_USER_PATHS = NO;
				CLANG_CXX_LANGUAGE_STANDARD = "gnu++0x";
				CLANG_CXX_LIBRARY = "libc++";
				CLANG_ENABLE_MODULES = YES;
				CLANG_ENABLE_OBJC_ARC = YES;
				CLANG_WARN_BOOL_CONVERSION = YES;
				CLANG_WARN_CONSTANT_CONVERSION = YES;
				CLANG_WARN_DIRECT_OBJC_ISA_USAGE = YES_ERROR;
				CLANG_WARN_EMPTY_BODY = YES;
				CLANG_WARN_ENUM_CONVERSION = YES;
				CLANG_WARN_INT_CONVERSION = YES;
				CLANG_WARN_OBJC_ROOT_CLASS = YES_ERROR;
				CLANG_WARN_UNREACHABLE_CODE = YES;
				CLANG_WARN__DUPLICATE_METHOD_MATCH = YES;
				"CODE_SIGN_IDENTITY[sdk=iphoneos*]" = "iPhone Developer";
				COPY_PHASE_STRIP = NO;
				DEBUG_INFORMATION_FORMAT = dwarf;
				ENABLE_STRICT_OBJC_MSGSEND = YES;
				ENABLE_TESTABILITY = YES;
				GCC_C_LANGUAGE_STANDARD = gnu99;
				GCC_DYNAMIC_NO_PIC = NO;
				GCC_NO_COMMON_BLOCKS = YES;
				GCC_OPTIMIZATION_LEVEL = 0;
				GCC_PREPROCESSOR_DEFINITIONS = (
					"DEBUG=1",
					"$(inherited)",
				);
				GCC_WARN_64_TO_32_BIT_CONVERSION = YES;
				GCC_WARN_ABOUT_RETURN_TYPE = YES_ERROR;
				GCC_WARN_UNDECLARED_SELECTOR = YES;
				GCC_WARN_UNINITIALIZED_AUTOS = YES_AGGRESSIVE;
				GCC_WARN_UNUSED_FUNCTION = YES;
				GCC_WARN_UNUSED_VARIABLE = YES;
				IPHONEOS_DEPLOYMENT_TARGET = 9.2;
				MTL_ENABLE_DEBUG_INFO = YES;
				ONLY_ACTIVE_ARCH = YES;
				SDKROOT = iphoneos;
				TARGETED_DEVICE_FAMILY = "1,2";
			};
			name = Debug;
		};
		DA7C5D3B1C48CCFC00A8F50B /* Release */ = {
			isa = XCBuildConfiguration;
			buildSettings = {
				ALWAYS_SEARCH_USER_PATHS = NO;
				CLANG_CXX_LANGUAGE_STANDARD = "gnu++0x";
				CLANG_CXX_LIBRARY = "libc++";
				CLANG_ENABLE_MODULES = YES;
				CLANG_ENABLE_OBJC_ARC = YES;
				CLANG_WARN_BOOL_CONVERSION = YES;
				CLANG_WARN_CONSTANT_CONVERSION = YES;
				CLANG_WARN_DIRECT_OBJC_ISA_USAGE = YES_ERROR;
				CLANG_WARN_EMPTY_BODY = YES;
				CLANG_WARN_ENUM_CONVERSION = YES;
				CLANG_WARN_INT_CONVERSION = YES;
				CLANG_WARN_OBJC_ROOT_CLASS = YES_ERROR;
				CLANG_WARN_UNREACHABLE_CODE = YES;
				CLANG_WARN__DUPLICATE_METHOD_MATCH = YES;
				"CODE_SIGN_IDENTITY[sdk=iphoneos*]" = "iPhone Developer";
				COPY_PHASE_STRIP = NO;
				DEBUG_INFORMATION_FORMAT = "dwarf-with-dsym";
				ENABLE_NS_ASSERTIONS = NO;
				ENABLE_STRICT_OBJC_MSGSEND = YES;
				GCC_C_LANGUAGE_STANDARD = gnu99;
				GCC_NO_COMMON_BLOCKS = YES;
				GCC_WARN_64_TO_32_BIT_CONVERSION = YES;
				GCC_WARN_ABOUT_RETURN_TYPE = YES_ERROR;
				GCC_WARN_UNDECLARED_SELECTOR = YES;
				GCC_WARN_UNINITIALIZED_AUTOS = YES_AGGRESSIVE;
				GCC_WARN_UNUSED_FUNCTION = YES;
				GCC_WARN_UNUSED_VARIABLE = YES;
				IPHONEOS_DEPLOYMENT_TARGET = 9.2;
				MTL_ENABLE_DEBUG_INFO = NO;
				SDKROOT = iphoneos;
				TARGETED_DEVICE_FAMILY = "1,2";
				VALIDATE_PRODUCT = YES;
			};
			name = Release;
		};
		DA7C5D3D1C48CCFC00A8F50B /* Debug */ = {
			isa = XCBuildConfiguration;
			buildSettings = {
				ASSETCATALOG_COMPILER_APPICON_NAME = AppIcon;
				CODE_SIGN_IDENTITY = "iPhone Developer";
				GCC_DYNAMIC_NO_PIC = NO;
				INFOPLIST_FILE = APPSecurity/Info.plist;
				IPHONEOS_DEPLOYMENT_TARGET = 7.1;
				LD_NO_PIE = NO;
				LD_RUNPATH_SEARCH_PATHS = "$(inherited) @executable_path/Frameworks";
				PRODUCT_BUNDLE_IDENTIFIER = org.troy.APPSecurity;
				PRODUCT_NAME = "$(TARGET_NAME)";
			};
			name = Debug;
		};
		DA7C5D3E1C48CCFC00A8F50B /* Release */ = {
			isa = XCBuildConfiguration;
			buildSettings = {
				ASSETCATALOG_COMPILER_APPICON_NAME = AppIcon;
				CODE_SIGN_IDENTITY = "iPhone Developer";
				GCC_DYNAMIC_NO_PIC = NO;
				INFOPLIST_FILE = APPSecurity/Info.plist;
				IPHONEOS_DEPLOYMENT_TARGET = 7.1;
				LD_NO_PIE = NO;
				LD_RUNPATH_SEARCH_PATHS = "$(inherited) @executable_path/Frameworks";
				PRODUCT_BUNDLE_IDENTIFIER = org.troy.APPSecurity;
				PRODUCT_NAME = "$(TARGET_NAME)";
			};
			name = Release;
		};
		DA7C5D401C48CCFC00A8F50B /* Debug */ = {
			isa = XCBuildConfiguration;
			buildSettings = {
				INFOPLIST_FILE = APPSecurityUITests/Info.plist;
				LD_RUNPATH_SEARCH_PATHS = "$(inherited) @executable_path/Frameworks @loader_path/Frameworks";
				PRODUCT_BUNDLE_IDENTIFIER = org.troy.APPSecurityUITests;
				PRODUCT_NAME = "$(TARGET_NAME)";
				TEST_TARGET_NAME = APPSecurity;
				USES_XCTRUNNER = YES;
			};
			name = Debug;
		};
		DA7C5D411C48CCFC00A8F50B /* Release */ = {
			isa = XCBuildConfiguration;
			buildSettings = {
				INFOPLIST_FILE = APPSecurityUITests/Info.plist;
				LD_RUNPATH_SEARCH_PATHS = "$(inherited) @executable_path/Frameworks @loader_path/Frameworks";
				PRODUCT_BUNDLE_IDENTIFIER = org.troy.APPSecurityUITests;
				PRODUCT_NAME = "$(TARGET_NAME)";
				TEST_TARGET_NAME = APPSecurity;
				USES_XCTRUNNER = YES;
			};
			name = Release;
		};
/* End XCBuildConfiguration section */

/* Begin XCConfigurationList section */
		DA7C5D151C48CCFB00A8F50B /* Build configuration list for PBXProject "APPSecurity" */ = {
			isa = XCConfigurationList;
			buildConfigurations = (
				DA7C5D3A1C48CCFC00A8F50B /* Debug */,
				DA7C5D3B1C48CCFC00A8F50B /* Release */,
			);
			defaultConfigurationIsVisible = 0;
			defaultConfigurationName = Release;
		};
		DA7C5D3C1C48CCFC00A8F50B /* Build configuration list for PBXNativeTarget "APPSecurity" */ = {
			isa = XCConfigurationList;
			buildConfigurations = (
				DA7C5D3D1C48CCFC00A8F50B /* Debug */,
				DA7C5D3E1C48CCFC00A8F50B /* Release */,
			);
			defaultConfigurationIsVisible = 0;
			defaultConfigurationName = Release;
		};
		DA7C5D3F1C48CCFC00A8F50B /* Build configuration list for PBXNativeTarget "APPSecurityUITests" */ = {
			isa = XCConfigurationList;
			buildConfigurations = (
				DA7C5D401C48CCFC00A8F50B /* Debug */,
				DA7C5D411C48CCFC00A8F50B /* Release */,
			);
			defaultConfigurationIsVisible = 0;
			defaultConfigurationName = Release;
		};
/* End XCConfigurationList section */
	};
	rootObject = DA7C5D121C48CCFB00A8F50B /* Project object */;
}
